
Microsoft Visual Studio Solution File, Format Version 12.00
# Visual Studio 15
VisualStudioVersion = 15.0.28010.2050
MinimumVisualStudioVersion = 10.0.40219.1
Project("{FAE04EC0-301F-11D3-BF4B-00C04F79EFBC}") = "AbecedarioHilos", "AbecedarioHilos\AbecedarioHilos.csproj", "{10F3B6A5-C813-45CD-9A37-E00E012D7406}"
EndProject
Global
	GlobalSection(SolutionConfigurationPlatforms) = preSolution
		Debug|Any CPU = Debug|Any CPU
		Release|Any CPU = Release|Any CPU
	EndGlobalSection
	GlobalSection(ProjectConfigurationPlatforms) = postSolution
		{10F3B6A5-C813-45CD-9A37-E00E012D7406}.Debug|Any CPU.ActiveCfg = Debug|Any CPU
		{10F3B6A5-C813-45CD-9A37-E00E012D7406}.Debug|Any CPU.Build.0 = Debug|Any CPU
		{10F3B6A5-C813-45CD-9A37-E00E012D7406}.Release|Any CPU.ActiveCfg = Release|Any CPU
		{10F3B6A5-C813-45CD-9A37-E00E012D7406}.Release|Any CPU.Build.0 = Release|Any CPU
	EndGlobalSection
	GlobalSection(SolutionProperties) = preSolution
		HideSolutionNode = FALSE
	EndGlobalSection
	GlobalSection(ExtensibilityGlobals) = postSolution
		SolutionGuid = {333EA230-067B-4F55-8B1E-8149F948FCF3}
	EndGlobalSection
EndGlobal
